{
  "nodes": {
    "devenv": {
      "locked": {
        "dir": "src/modules",
        "lastModified": 1788402531,
        "narHash": "sha256-vkKkue371vWQIKJBbVM/QTk6XU65PKJ+q39Q6+OKIVk=",
        "owner": "cachix",
        "repo": "devenv",
        "rev": "30058c52e5b8d7ed7ba4d8e7c793c7726aa7b9a0",
        "type": "github"
      },
      "original": {
        "dir": "src/modules",
        "owner": "cachix",
        "repo": "devenv",
        "type": "github"
      }
    },
    "gleam-pkgs": {
      "locked": {
        "lastModified": 1788316716,
        "narHash": "sha256-bc7rSpXIdn9QWGNqfWcPZWOhEVF8NoeAZkWq0XWnf/k=",
        "owner": "NixOS",
        "repo": "nixpkgs",
        "rev": "3ed67ec0a4d3c7ab4ae1f04f8ee8df07bfa506a2",
        "type": "github"
      },
      "original": {
        "owner": "NixOS",
        "ref": "nixos-unstable",
        "repo": "nixpkgs",
        "type": "github"
      }
    },
    "nixpkgs": {
      "locked": {
        "lastModified": 1788450220,
        "narHash": "sha256-lU+Ut8+uBpT8CUMyx0bhFXe+Apa6unLnlbPMSJx+WUE=",
        "owner": "NixOS",
        "repo": "nixpkgs",
        "rev": "f7988e9d4c6f027ec98c0939ed0f5ed155cbf766",
        "type": "github"
      },
      "original": {
        "owner": "NixOS",
        "ref": "release-26.05",
        "repo": "nixpkgs",
        "type": "github"
      }
    },
    "root": {
      "inputs": {
        "devenv": "devenv",
        "gleam-pkgs": "gleam-pkgs",
        "nixpkgs": "nixpkgs"
      }
    }
  },
  "root": "root",
  "version": 7
}